
Microsoft Visual Studio Solution File, Format Version 12.00
# Visual Studio 15
VisualStudioVersion = 15.0.28307.1022
MinimumVisualStudioVersion = 10.0.40219.1
Project("{FAE04EC0-301F-11D3-BF4B-00C04F79EFBC}") = "tasks_week08", "tasks_week08\tasks_week08.csproj", "{87257D1F-0F30-4097-87B1-CD184F253EE2}"
EndProject
Global
	GlobalSection(SolutionConfigurationPlatforms) = preSolution
		Debug|Any CPU = Debug|Any CPU
		Release|Any CPU = Release|Any CPU
	EndGlobalSection
	GlobalSection(ProjectConfigurationPlatforms) = postSolution
		{87257D1F-0F30-4097-87B1-CD184F253EE2}.Debug|Any CPU.ActiveCfg = Debug|Any CPU
		{87257D1F-0F30-4097-87B1-CD184F253EE2}.Debug|Any CPU.Build.0 = Debug|Any CPU
		{87257D1F-0F30-4097-87B1-CD184F253EE2}.Release|Any CPU.ActiveCfg = Release|Any CPU
		{87257D1F-0F30-4097-87B1-CD184F253EE2}.Release|Any CPU.Build.0 = Release|Any CPU
	EndGlobalSection
	GlobalSection(SolutionProperties) = preSolution
		HideSolutionNode = FALSE
	EndGlobalSection
	GlobalSection(ExtensibilityGlobals) = postSolution
		SolutionGuid = {56A30492-838D-4C6B-A033-02D7A21FE044}
	EndGlobalSection
EndGlobal
