
Microsoft Visual Studio Solution File, Format Version 12.00
# Visual Studio 15
VisualStudioVersion = 15.0.28307.1022
MinimumVisualStudioVersion = 10.0.40219.1
Project("{FAE04EC0-301F-11D3-BF4B-00C04F79EFBC}") = "tasks_week07", "tasks_week07\tasks_week07.csproj", "{BCAD17D6-33A6-4BC2-9408-7A7592D090C7}"
EndProject
Global
	GlobalSection(SolutionConfigurationPlatforms) = preSolution
		Debug|Any CPU = Debug|Any CPU
		Release|Any CPU = Release|Any CPU
	EndGlobalSection
	GlobalSection(ProjectConfigurationPlatforms) = postSolution
		{BCAD17D6-33A6-4BC2-9408-7A7592D090C7}.Debug|Any CPU.ActiveCfg = Debug|Any CPU
		{BCAD17D6-33A6-4BC2-9408-7A7592D090C7}.Debug|Any CPU.Build.0 = Debug|Any CPU
		{BCAD17D6-33A6-4BC2-9408-7A7592D090C7}.Release|Any CPU.ActiveCfg = Release|Any CPU
		{BCAD17D6-33A6-4BC2-9408-7A7592D090C7}.Release|Any CPU.Build.0 = Release|Any CPU
	EndGlobalSection
	GlobalSection(SolutionProperties) = preSolution
		HideSolutionNode = FALSE
	EndGlobalSection
	GlobalSection(ExtensibilityGlobals) = postSolution
		SolutionGuid = {F7B27C49-D0D7-4A65-8458-15E3BBDD05B7}
	EndGlobalSection
EndGlobal
